// !$*UTF8*$!
{
	archiveVersion = 1;
	classes = {
	};
	objectVersion = 51;
	objects = {

/* Begin PBXBuildFile section */
		18E0B570B046B29AD727F446 /* Pods_FindMyParty.framework in Frameworks */ = {isa = PBXBuildFile; fileRef = BB97CFE44381C6B6C905FA28 /* Pods_FindMyParty.framework */; };
		1C1EB15B26F5347200A4673C /* AppDelegate.swift in Sources */ = {isa = PBXBuildFile; fileRef = 1C1EB15A26F5347200A4673C /* AppDelegate.swift */; };
		1C1EB15D26F5347200A4673C /* SceneDelegate.swift in Sources */ = {isa = PBXBuildFile; fileRef = 1C1EB15C26F5347200A4673C /* SceneDelegate.swift */; };
		1C1EB15F26F5347200A4673C /* splashScreenViewController.swift in Sources */ = {isa = PBXBuildFile; fileRef = 1C1EB15E26F5347200A4673C /* splashScreenViewController.swift */; };
		1C1EB16226F5347200A4673C /* Main.storyboard in Resources */ = {isa = PBXBuildFile; fileRef = 1C1EB16026F5347200A4673C /* Main.storyboard */; };
		1C1EB16526F5347200A4673C /* FindMyParty.xcdatamodeld in Sources */ = {isa = PBXBuildFile; fileRef = 1C1EB16326F5347200A4673C /* FindMyParty.xcdatamodeld */; };
		1C1EB16726F5347300A4673C /* Assets.xcassets in Resources */ = {isa = PBXBuildFile; fileRef = 1C1EB16626F5347300A4673C /* Assets.xcassets */; };
		1C1EB16A26F5347300A4673C /* LaunchScreen.storyboard in Resources */ = {isa = PBXBuildFile; fileRef = 1C1EB16826F5347300A4673C /* LaunchScreen.storyboard */; };
		1C1EB17226F5368500A4673C /* GoogleService-Info.plist in Resources */ = {isa = PBXBuildFile; fileRef = 1C1EB17126F5368500A4673C /* GoogleService-Info.plist */; };
		1C1EB17426F53CC500A4673C /* AppUtils.swift in Sources */ = {isa = PBXBuildFile; fileRef = 1C1EB17326F53CC500A4673C /* AppUtils.swift */; };
		1C77338726F54B370012C6A6 /* onboardingViewController.swift in Sources */ = {isa = PBXBuildFile; fileRef = 1C1EB17626F5414A00A4673C /* onboardingViewController.swift */; };
/* End PBXBuildFile section */

/* Begin PBXFileReference section */
		1C1EB15726F5347200A4673C /* FindMyParty.app */ = {isa = PBXFileReference; explicitFileType = wrapper.application; includeInIndex = 0; path = FindMyParty.app; sourceTree = BUILT_PRODUCTS_DIR; };
		1C1EB15A26F5347200A4673C /* AppDelegate.swift */ = {isa = PBXFileReference; lastKnownFileType = sourcecode.swift; path = AppDelegate.swift; sourceTree = "<group>"; };
		1C1EB15C26F5347200A4673C /* SceneDelegate.swift */ = {isa = PBXFileReference; lastKnownFileType = sourcecode.swift; path = SceneDelegate.swift; sourceTree = "<group>"; };
		1C1EB15E26F5347200A4673C /* splashScreenViewController.swift */ = {isa = PBXFileReference; lastKnownFileType = sourcecode.swift; path = splashScreenViewController.swift; sourceTree = "<group>"; };
		1C1EB16126F5347200A4673C /* Base */ = {isa = PBXFileReference; lastKnownFileType = file.storyboard; name = Base; path = Base.lproj/Main.storyboard; sourceTree = "<group>"; };
		1C1EB16426F5347200A4673C /* FindMyParty.xcdatamodel */ = {isa = PBXFileReference; lastKnownFileType = wrapper.xcdatamodel; path = FindMyParty.xcdatamodel; sourceTree = "<group>"; };
		1C1EB16626F5347300A4673C /* Assets.xcassets */ = {isa = PBXFileReference; lastKnownFileType = folder.assetcatalog; path = Assets.xcassets; sourceTree = "<group>"; };
		1C1EB16926F5347300A4673C /* Base */ = {isa = PBXFileReference; lastKnownFileType = file.storyboard; name = Base; path = Base.lproj/LaunchScreen.storyboard; sourceTree = "<group>"; };
		1C1EB16B26F5347300A4673C /* Info.plist */ = {isa = PBXFileReference; lastKnownFileType = text.plist.xml; path = Info.plist; sourceTree = "<group>"; };
		1C1EB17126F5368500A4673C /* GoogleService-Info.plist */ = {isa = PBXFileReference; fileEncoding = 4; lastKnownFileType = text.plist.xml; path = "GoogleService-Info.plist"; sourceTree = "<group>"; };
		1C1EB17326F53CC500A4673C /* AppUtils.swift */ = {isa = PBXFileReference; lastKnownFileType = sourcecode.swift; path = AppUtils.swift; sourceTree = "<group>"; };
		1C1EB17626F5414A00A4673C /* onboardingViewController.swift */ = {isa = PBXFileReference; lastKnownFileType = sourcecode.swift; path = onboardingViewController.swift; sourceTree = "<group>"; };
		B26DDD3B92E2979B06F0A9CF /* Pods-FindMyParty.release.xcconfig */ = {isa = PBXFileReference; includeInIndex = 1; lastKnownFileType = text.xcconfig; name = "Pods-FindMyParty.release.xcconfig"; path = "Target Support Files/Pods-FindMyParty/Pods-FindMyParty.release.xcconfig"; sourceTree = "<group>"; };
		BB97CFE44381C6B6C905FA28 /* Pods_FindMyParty.framework */ = {isa = PBXFileReference; explicitFileType = wrapper.framework; includeInIndex = 0; path = Pods_FindMyParty.framework; sourceTree = BUILT_PRODUCTS_DIR; };
		D66B6136DA75309ABDC7FBAD /* Pods-FindMyParty.debug.xcconfig */ = {isa = PBXFileReference; includeInIndex = 1; lastKnownFileType = text.xcconfig; name = "Pods-FindMyParty.debug.xcconfig"; path = "Target Support Files/Pods-FindMyParty/Pods-FindMyParty.debug.xcconfig"; sourceTree = "<group>"; };
/* End PBXFileReference section */

/* Begin PBXFrameworksBuildPhase section */
		1C1EB15426F5347200A4673C /* Frameworks */ = {
			isa = PBXFrameworksBuildPhase;
			buildActionMask = 2147483647;
			files = (
				18E0B570B046B29AD727F446 /* Pods_FindMyParty.framework in Frameworks */,
			);
			runOnlyForDeploymentPostprocessing = 0;
		};
/* End PBXFrameworksBuildPhase section */

/* Begin PBXGroup section */
		1C1EB14E26F5347200A4673C = {
			isa = PBXGroup;
			children = (
				1C1EB15926F5347200A4673C /* FindMyParty */,
				1C1EB15826F5347200A4673C /* Products */,
				93D4D4A9677096B6FEC78BD9 /* Pods */,
				4767129ED39427B56703EB44 /* Frameworks */,
			);
			sourceTree = "<group>";
		};
		1C1EB15826F5347200A4673C /* Products */ = {
			isa = PBXGroup;
			children = (
				1C1EB15726F5347200A4673C /* FindMyParty.app */,
			);
			name = Products;
			sourceTree = "<group>";
		};
		1C1EB15926F5347200A4673C /* FindMyParty */ = {
			isa = PBXGroup;
			children = (
				1C1EB17526F5412D00A4673C /* Controller */,
				1C1EB15A26F5347200A4673C /* AppDelegate.swift */,
				1C1EB15C26F5347200A4673C /* SceneDelegate.swift */,
				1C1EB16026F5347200A4673C /* Main.storyboard */,
				1C1EB16626F5347300A4673C /* Assets.xcassets */,
				1C1EB16826F5347300A4673C /* LaunchScreen.storyboard */,
				1C1EB16B26F5347300A4673C /* Info.plist */,
				1C1EB16326F5347200A4673C /* FindMyParty.xcdatamodeld */,
				1C1EB17126F5368500A4673C /* GoogleService-Info.plist */,
				1C1EB17326F53CC500A4673C /* AppUtils.swift */,
			);
			path = FindMyParty;
			sourceTree = "<group>";
		};
		1C1EB17526F5412D00A4673C /* Controller */ = {
			isa = PBXGroup;
			children = (
				1C1EB15E26F5347200A4673C /* splashScreenViewController.swift */,
				1C1EB17626F5414A00A4673C /* onboardingViewController.swift */,
			);
			path = Controller;
			sourceTree = "<group>";
		};
		4767129ED39427B56703EB44 /* Frameworks */ = {
			isa = PBXGroup;
			children = (
				BB97CFE44381C6B6C905FA28 /* Pods_FindMyParty.framework */,
			);
			name = Frameworks;
			sourceTree = "<group>";
		};
		93D4D4A9677096B6FEC78BD9 /* Pods */ = {
			isa = PBXGroup;
			children = (
				D66B6136DA75309ABDC7FBAD /* Pods-FindMyParty.debug.xcconfig */,
				B26DDD3B92E2979B06F0A9CF /* Pods-FindMyParty.release.xcconfig */,
			);
			path = Pods;
			sourceTree = "<group>";
		};
/* End PBXGroup section */

/* Begin PBXNativeTarget section */
		1C1EB15626F5347200A4673C /* FindMyParty */ = {
			isa = PBXNativeTarget;
			buildConfigurationList = 1C1EB16E26F5347300A4673C /* Build configuration list for PBXNativeTarget "FindMyParty" */;
			buildPhases = (
				17F0B4D64316F730F4EFD7A9 /* [CP] Check Pods Manifest.lock */,
				1C1EB15326F5347200A4673C /* Sources */,
				1C1EB15426F5347200A4673C /* Frameworks */,
				1C1EB15526F5347200A4673C /* Resources */,
				3A868B0B5F45B9C0DC68B768 /* [CP] Embed Pods Frameworks */,
				9A8F2528FD6A7093E069A79B /* [CP] Copy Pods Resources */,
			);
			buildRules = (
			);
			dependencies = (
			);
			name = FindMyParty;
			productName = FindMyParty;
			productReference = 1C1EB15726F5347200A4673C /* FindMyParty.app */;
			productType = "com.apple.product-type.application";
		};
/* End PBXNativeTarget section */

/* Begin PBXProject section */
		1C1EB14F26F5347200A4673C /* Project object */ = {
			isa = PBXProject;
			attributes = {
				LastSwiftUpdateCheck = 1250;
				LastUpgradeCheck = 1250;
				TargetAttributes = {
					1C1EB15626F5347200A4673C = {
						CreatedOnToolsVersion = 12.5;
					};
				};
			};
			buildConfigurationList = 1C1EB15226F5347200A4673C /* Build configuration list for PBXProject "FindMyParty" */;
			compatibilityVersion = "Xcode 9.3";
			developmentRegion = en;
			hasScannedForEncodings = 0;
			knownRegions = (
				en,
				Base,
			);
			mainGroup = 1C1EB14E26F5347200A4673C;
			productRefGroup = 1C1EB15826F5347200A4673C /* Products */;
			projectDirPath = "";
			projectRoot = "";
			targets = (
				1C1EB15626F5347200A4673C /* FindMyParty */,
			);
		};
/* End PBXProject section */

/* Begin PBXResourcesBuildPhase section */
		1C1EB15526F5347200A4673C /* Resources */ = {
			isa = PBXResourcesBuildPhase;
			buildActionMask = 2147483647;
			files = (
				1C1EB17226F5368500A4673C /* GoogleService-Info.plist in Resources */,
				1C1EB16A26F5347300A4673C /* LaunchScreen.storyboard in Resources */,
				1C1EB16726F5347300A4673C /* Assets.xcassets in Resources */,
				1C1EB16226F5347200A4673C /* Main.storyboard in Resources */,
			);
			runOnlyForDeploymentPostprocessing = 0;
		};
/* End PBXResourcesBuildPhase section */

/* Begin PBXShellScriptBuildPhase section */
		17F0B4D64316F730F4EFD7A9 /* [CP] Check Pods Manifest.lock */ = {
			isa = PBXShellScriptBuildPhase;
			buildActionMask = 2147483647;
			files = (
			);
			inputFileListPaths = (
			);
			inputPaths = (
				"${PODS_PODFILE_DIR_PATH}/Podfile.lock",
				"${PODS_ROOT}/Manifest.lock",
			);
			name = "[CP] Check Pods Manifest.lock";
			outputFileListPaths = (
			);
			outputPaths = (
				"$(DERIVED_FILE_DIR)/Pods-FindMyParty-checkManifestLockResult.txt",
			);
			runOnlyForDeploymentPostprocessing = 0;
			shellPath = /bin/sh;
			shellScript = "diff \"${PODS_PODFILE_DIR_PATH}/Podfile.lock\" \"${PODS_ROOT}/Manifest.lock\" > /dev/null\nif [ $? != 0 ] ; then\n    # print error to STDERR\n    echo \"error: The sandbox is not in sync with the Podfile.lock. Run 'pod install' or update your CocoaPods installation.\" >&2\n    exit 1\nfi\n# This output is used by Xcode 'outputs' to avoid re-running this script phase.\necho \"SUCCESS\" > \"${SCRIPT_OUTPUT_FILE_0}\"\n";
			showEnvVarsInLog = 0;
		};
		3A868B0B5F45B9C0DC68B768 /* [CP] Embed Pods Frameworks */ = {
			isa = PBXShellScriptBuildPhase;
			buildActionMask = 2147483647;
			files = (
			);
			inputFileListPaths = (
				"${PODS_ROOT}/Target Support Files/Pods-FindMyParty/Pods-FindMyParty-frameworks-${CONFIGURATION}-input-files.xcfilelist",
			);
			name = "[CP] Embed Pods Frameworks";
			outputFileListPaths = (
				"${PODS_ROOT}/Target Support Files/Pods-FindMyParty/Pods-FindMyParty-frameworks-${CONFIGURATION}-output-files.xcfilelist",
			);
			runOnlyForDeploymentPostprocessing = 0;
			shellPath = /bin/sh;
			shellScript = "\"${PODS_ROOT}/Target Support Files/Pods-FindMyParty/Pods-FindMyParty-frameworks.sh\"\n";
			showEnvVarsInLog = 0;
		};
		9A8F2528FD6A7093E069A79B /* [CP] Copy Pods Resources */ = {
			isa = PBXShellScriptBuildPhase;
			buildActionMask = 2147483647;
			files = (
			);
			inputFileListPaths = (
				"${PODS_ROOT}/Target Support Files/Pods-FindMyParty/Pods-FindMyParty-resources-${CONFIGURATION}-input-files.xcfilelist",
			);
			name = "[CP] Copy Pods Resources";
			outputFileListPaths = (
				"${PODS_ROOT}/Target Support Files/Pods-FindMyParty/Pods-FindMyParty-resources-${CONFIGURATION}-output-files.xcfilelist",
			);
			runOnlyForDeploymentPostprocessing = 0;
			shellPath = /bin/sh;
			shellScript = "\"${PODS_ROOT}/Target Support Files/Pods-FindMyParty/Pods-FindMyParty-resources.sh\"\n";
			showEnvVarsInLog = 0;
		};
/* End PBXShellScriptBuildPhase section */

/* Begin PBXSourcesBuildPhase section */
		1C1EB15326F5347200A4673C /* Sources */ = {
			isa = PBXSourcesBuildPhase;
			buildActionMask = 2147483647;
			files = (
				1C1EB17426F53CC500A4673C /* AppUtils.swift in Sources */,
				1C1EB15F26F5347200A4673C /* splashScreenViewController.swift in Sources */,
				1C1EB15B26F5347200A4673C /* AppDelegate.swift in Sources */,
				1C77338726F54B370012C6A6 /* onboardingViewController.swift in Sources */,
				1C1EB15D26F5347200A4673C /* SceneDelegate.swift in Sources */,
				1C1EB16526F5347200A4673C /* FindMyParty.xcdatamodeld in Sources */,
			);
			runOnlyForDeploymentPostprocessing = 0;
		};
/* End PBXSourcesBuildPhase section */

/* Begin PBXVariantGroup section */
		1C1EB16026F5347200A4673C /* Main.storyboard */ = {
			isa = PBXVariantGroup;
			children = (
				1C1EB16126F5347200A4673C /* Base */,
			);
			name = Main.storyboard;
			sourceTree = "<group>";
		};
		1C1EB16826F5347300A4673C /* LaunchScreen.storyboard */ = {
			isa = PBXVariantGroup;
			children = (
				1C1EB16926F5347300A4673C /* Base */,
			);
			name = LaunchScreen.storyboard;
			sourceTree = "<group>";
		};
/* End PBXVariantGroup section */

/* Begin XCBuildConfiguration section */
		1C1EB16C26F5347300A4673C /* Debug */ = {
			isa = XCBuildConfiguration;
			buildSettings = {
				ALWAYS_SEARCH_USER_PATHS = NO;
				CLANG_ANALYZER_NONNULL = YES;
				CLANG_ANALYZER_NUMBER_OBJECT_CONVERSION = YES_AGGRESSIVE;
				CLANG_CXX_LANGUAGE_STANDARD = "gnu++14";
				CLANG_CXX_LIBRARY = "libc++";
				CLANG_ENABLE_MODULES = YES;
				CLANG_ENABLE_OBJC_ARC = YES;
				CLANG_ENABLE_OBJC_WEAK = YES;
				CLANG_WARN_BLOCK_CAPTURE_AUTORELEASING = YES;
				CLANG_WARN_BOOL_CONVERSION = YES;
				CLANG_WARN_COMMA = YES;
				CLANG_WARN_CONSTANT_CONVERSION = YES;
				CLANG_WARN_DEPRECATED_OBJC_IMPLEMENTATIONS = YES;
				CLANG_WARN_DIRECT_OBJC_ISA_USAGE = YES_ERROR;
				CLANG_WARN_DOCUMENTATION_COMMENTS = YES;
				CLANG_WARN_EMPTY_BODY = YES;
				CLANG_WARN_ENUM_CONVERSION = YES;
				CLANG_WARN_INFINITE_RECURSION = YES;
				CLANG_WARN_INT_CONVERSION = YES;
				CLANG_WARN_NON_LITERAL_NULL_CONVERSION = YES;
				CLANG_WARN_OBJC_IMPLICIT_RETAIN_SELF = YES;
				CLANG_WARN_OBJC_LITERAL_CONVERSION = YES;
				CLANG_WARN_OBJC_ROOT_CLASS = YES_ERROR;
				CLANG_WARN_QUOTED_INCLUDE_IN_FRAMEWORK_HEADER = YES;
				CLANG_WARN_RANGE_LOOP_ANALYSIS = YES;
				CLANG_WARN_STRICT_PROTOTYPES = YES;
				CLANG_WARN_SUSPICIOUS_MOVE = YES;
				CLANG_WARN_UNGUARDED_AVAILABILITY = YES_AGGRESSIVE;
				CLANG_WARN_UNREACHABLE_CODE = YES;
				CLANG_WARN__DUPLICATE_METHOD_MATCH = YES;
				COPY_PHASE_STRIP = NO;
				DEBUG_INFORMATION_FORMAT = dwarf;
				ENABLE_STRICT_OBJC_MSGSEND = YES;
				ENABLE_TESTABILITY = YES;
				GCC_C_LANGUAGE_STANDARD = gnu11;
				GCC_DYNAMIC_NO_PIC = NO;
				GCC_NO_COMMON_BLOCKS = YES;
				GCC_OPTIMIZATION_LEVEL = 0;
				GCC_PREPROCESSOR_DEFINITIONS = (
					"DEBUG=1",
					"$(inherited)",
				);
				GCC_WARN_64_TO_32_BIT_CONVERSION = YES;
				GCC_WARN_ABOUT_RETURN_TYPE = YES_ERROR;
				GCC_WARN_UNDECLARED_SELECTOR = YES;
				GCC_WARN_UNINITIALIZED_AUTOS = YES_AGGRESSIVE;
				GCC_WARN_UNUSED_FUNCTION = YES;
				GCC_WARN_UNUSED_VARIABLE = YES;
				IPHONEOS_DEPLOYMENT_TARGET = 14.5;
				MTL_ENABLE_DEBUG_INFO = INCLUDE_SOURCE;
				MTL_FAST_MATH = YES;
				ONLY_ACTIVE_ARCH = YES;
				SDKROOT = iphoneos;
				SWIFT_ACTIVE_COMPILATION_CONDITIONS = DEBUG;
				SWIFT_OPTIMIZATION_LEVEL = "-Onone";
			};
			name = Debug;
		};
		1C1EB16D26F5347300A4673C /* Release */ = {
			isa = XCBuildConfiguration;
			buildSettings = {
				ALWAYS_SEARCH_USER_PATHS = NO;
				CLANG_ANALYZER_NONNULL = YES;
				CLANG_ANALYZER_NUMBER_OBJECT_CONVERSION = YES_AGGRESSIVE;
				CLANG_CXX_LANGUAGE_STANDARD = "gnu++14";
				CLANG_CXX_LIBRARY = "libc++";
				CLANG_ENABLE_MODULES = YES;
				CLANG_ENABLE_OBJC_ARC = YES;
				CLANG_ENABLE_OBJC_WEAK = YES;
				CLANG_WARN_BLOCK_CAPTURE_AUTORELEASING = YES;
				CLANG_WARN_BOOL_CONVERSION = YES;
				CLANG_WARN_COMMA = YES;
				CLANG_WARN_CONSTANT_CONVERSION = YES;
				CLANG_WARN_DEPRECATED_OBJC_IMPLEMENTATIONS = YES;
				CLANG_WARN_DIRECT_OBJC_ISA_USAGE = YES_ERROR;
				CLANG_WARN_DOCUMENTATION_COMMENTS = YES;
				CLANG_WARN_EMPTY_BODY = YES;
				CLANG_WARN_ENUM_CONVERSION = YES;
				CLANG_WARN_INFINITE_RECURSION = YES;
				CLANG_WARN_INT_CONVERSION = YES;
				CLANG_WARN_NON_LITERAL_NULL_CONVERSION = YES;
				CLANG_WARN_OBJC_IMPLICIT_RETAIN_SELF = YES;
				CLANG_WARN_OBJC_LITERAL_CONVERSION = YES;
				CLANG_WARN_OBJC_ROOT_CLASS = YES_ERROR;
				CLANG_WARN_QUOTED_INCLUDE_IN_FRAMEWORK_HEADER = YES;
				CLANG_WARN_RANGE_LOOP_ANALYSIS = YES;
				CLANG_WARN_STRICT_PROTOTYPES = YES;
				CLANG_WARN_SUSPICIOUS_MOVE = YES;
				CLANG_WARN_UNGUARDED_AVAILABILITY = YES_AGGRESSIVE;
				CLANG_WARN_UNREACHABLE_CODE = YES;
				CLANG_WARN__DUPLICATE_METHOD_MATCH = YES;
				COPY_PHASE_STRIP = NO;
				DEBUG_INFORMATION_FORMAT = "dwarf-with-dsym";
				ENABLE_NS_ASSERTIONS = NO;
				ENABLE_STRICT_OBJC_MSGSEND = YES;
				GCC_C_LANGUAGE_STANDARD = gnu11;
				GCC_NO_COMMON_BLOCKS = YES;
				GCC_WARN_64_TO_32_BIT_CONVERSION = YES;
				GCC_WARN_ABOUT_RETURN_TYPE = YES_ERROR;
				GCC_WARN_UNDECLARED_SELECTOR = YES;
				GCC_WARN_UNINITIALIZED_AUTOS = YES_AGGRESSIVE;
				GCC_WARN_UNUSED_FUNCTION = YES;
				GCC_WARN_UNUSED_VARIABLE = YES;
				IPHONEOS_DEPLOYMENT_TARGET = 14.5;
				MTL_ENABLE_DEBUG_INFO = NO;
				MTL_FAST_MATH = YES;
				SDKROOT = iphoneos;
				SWIFT_COMPILATION_MODE = wholemodule;
				SWIFT_OPTIMIZATION_LEVEL = "-O";
				VALIDATE_PRODUCT = YES;
			};
			name = Release;
		};
		1C1EB16F26F5347300A4673C /* Debug */ = {
			isa = XCBuildConfiguration;
			baseConfigurationReference = D66B6136DA75309ABDC7FBAD /* Pods-FindMyParty.debug.xcconfig */;
			buildSettings = {
				ASSETCATALOG_COMPILER_APPICON_NAME = AppIcon;
				ASSETCATALOG_COMPILER_GLOBAL_ACCENT_COLOR_NAME = AccentColor;
				CODE_SIGN_STYLE = Automatic;
				DEVELOPMENT_TEAM = 49PCK3N6MT;
				INFOPLIST_FILE = FindMyParty/Info.plist;
				LD_RUNPATH_SEARCH_PATHS = (
					"$(inherited)",
					"@executable_path/Frameworks",
				);
				PRODUCT_BUNDLE_IDENTIFIER = com.nirbhaysingh.FindMyParty;
				PRODUCT_NAME = "$(TARGET_NAME)";
				SWIFT_VERSION = 5.0;
				TARGETED_DEVICE_FAMILY = "1,2";
			};
			name = Debug;
		};
		1C1EB17026F5347300A4673C /* Release */ = {
			isa = XCBuildConfiguration;
			baseConfigurationReference = B26DDD3B92E2979B06F0A9CF /* Pods-FindMyParty.release.xcconfig */;
			buildSettings = {
				ASSETCATALOG_COMPILER_APPICON_NAME = AppIcon;
				ASSETCATALOG_COMPILER_GLOBAL_ACCENT_COLOR_NAME = AccentColor;
				CODE_SIGN_STYLE = Automatic;
				DEVELOPMENT_TEAM = 49PCK3N6MT;
				INFOPLIST_FILE = FindMyParty/Info.plist;
				LD_RUNPATH_SEARCH_PATHS = (
					"$(inherited)",
					"@executable_path/Frameworks",
				);
				PRODUCT_BUNDLE_IDENTIFIER = com.nirbhaysingh.FindMyParty;
				PRODUCT_NAME = "$(TARGET_NAME)";
				SWIFT_VERSION = 5.0;
				TARGETED_DEVICE_FAMILY = "1,2";
			};
			name = Release;
		};
/* End XCBuildConfiguration section */

/* Begin XCConfigurationList section */
		1C1EB15226F5347200A4673C /* Build configuration list for PBXProject "FindMyParty" */ = {
			isa = XCConfigurationList;
			buildConfigurations = (
				1C1EB16C26F5347300A4673C /* Debug */,
				1C1EB16D26F5347300A4673C /* Release */,
			);
			defaultConfigurationIsVisible = 0;
			defaultConfigurationName = Release;
		};
		1C1EB16E26F5347300A4673C /* Build configuration list for PBXNativeTarget "FindMyParty" */ = {
			isa = XCConfigurationList;
			buildConfigurations = (
				1C1EB16F26F5347300A4673C /* Debug */,
				1C1EB17026F5347300A4673C /* Release */,
			);
			defaultConfigurationIsVisible = 0;
			defaultConfigurationName = Release;
		};
/* End XCConfigurationList section */

/* Begin XCVersionGroup section */
		1C1EB16326F5347200A4673C /* FindMyParty.xcdatamodeld */ = {
			isa = XCVersionGroup;
			children = (
				1C1EB16426F5347200A4673C /* FindMyParty.xcdatamodel */,
			);
			currentVersion = 1C1EB16426F5347200A4673C /* FindMyParty.xcdatamodel */;
			path = FindMyParty.xcdatamodeld;
			sourceTree = "<group>";
			versionGroupType = wrapper.xcdatamodel;
		};
/* End XCVersionGroup section */
	};
	rootObject = 1C1EB14F26F5347200A4673C /* Project object */;
}
